// !$*UTF8*$!
{
	archiveVersion = 1;
	classes = {
	};
	objectVersion = 50;
	objects = {

/* Begin PBXBuildFile section */
		B69099A822F9575200EDC7ED /* AppDelegate.m in Sources */ = {isa = PBXBuildFile; fileRef = B69099A722F9575200EDC7ED /* AppDelegate.m */; };
		B69099AB22F9575200EDC7ED /* ViewController.m in Sources */ = {isa = PBXBuildFile; fileRef = B69099AA22F9575200EDC7ED /* ViewController.m */; };
		B69099AE22F9575200EDC7ED /* Main.storyboard in Resources */ = {isa = PBXBuildFile; fileRef = B69099AC22F9575200EDC7ED /* Main.storyboard */; };
		B69099B022F9575400EDC7ED /* Assets.xcassets in Resources */ = {isa = PBXBuildFile; fileRef = B69099AF22F9575400EDC7ED /* Assets.xcassets */; };
		B69099B322F9575400EDC7ED /* LaunchScreen.storyboard in Resources */ = {isa = PBXBuildFile; fileRef = B69099B122F9575400EDC7ED /* LaunchScreen.storyboard */; };
		B69099B622F9575400EDC7ED /* main.m in Sources */ = {isa = PBXBuildFile; fileRef = B69099B522F9575400EDC7ED /* main.m */; };
		B6A81C772306ABB1003DA2E2 /* GCDWebServers.framework in Frameworks */ = {isa = PBXBuildFile; fileRef = B6A81C762306ABB1003DA2E2 /* GCDWebServers.framework */; };
/* End PBXBuildFile section */

/* Begin PBXFileReference section */
		B69099A322F9575200EDC7ED /* WebServerTestApp.app */ = {isa = PBXFileReference; explicitFileType = wrapper.application; includeInIndex = 0; path = WebServerTestApp.app; sourceTree = BUILT_PRODUCTS_DIR; };
		B69099A622F9575200EDC7ED /* AppDelegate.h */ = {isa = PBXFileReference; lastKnownFileType = sourcecode.c.h; path = AppDelegate.h; sourceTree = "<group>"; };
		B69099A722F9575200EDC7ED /* AppDelegate.m */ = {isa = PBXFileReference; lastKnownFileType = sourcecode.c.objc; path = AppDelegate.m; sourceTree = "<group>"; };
		B69099A922F9575200EDC7ED /* ViewController.h */ = {isa = PBXFileReference; lastKnownFileType = sourcecode.c.h; path = ViewController.h; sourceTree = "<group>"; };
		B69099AA22F9575200EDC7ED /* ViewController.m */ = {isa = PBXFileReference; lastKnownFileType = sourcecode.c.objc; path = ViewController.m; sourceTree = "<group>"; };
		B69099AD22F9575200EDC7ED /* Base */ = {isa = PBXFileReference; lastKnownFileType = file.storyboard; name = Base; path = Base.lproj/Main.storyboard; sourceTree = "<group>"; };
		B69099AF22F9575400EDC7ED /* Assets.xcassets */ = {isa = PBXFileReference; lastKnownFileType = folder.assetcatalog; path = Assets.xcassets; sourceTree = "<group>"; };
		B69099B222F9575400EDC7ED /* Base */ = {isa = PBXFileReference; lastKnownFileType = file.storyboard; name = Base; path = Base.lproj/LaunchScreen.storyboard; sourceTree = "<group>"; };
		B69099B422F9575400EDC7ED /* Info.plist */ = {isa = PBXFileReference; lastKnownFileType = text.plist.xml; path = Info.plist; sourceTree = "<group>"; };
		B69099B522F9575400EDC7ED /* main.m */ = {isa = PBXFileReference; lastKnownFileType = sourcecode.c.objc; path = main.m; sourceTree = "<group>"; };
		B6A81C762306ABB1003DA2E2 /* GCDWebServers.framework */ = {isa = PBXFileReference; explicitFileType = wrapper.framework; path = GCDWebServers.framework; sourceTree = BUILT_PRODUCTS_DIR; };
/* End PBXFileReference section */

/* Begin PBXFrameworksBuildPhase section */
		B69099A022F9575200EDC7ED /* Frameworks */ = {
			isa = PBXFrameworksBuildPhase;
			buildActionMask = 2147483647;
			files = (
				B6A81C772306ABB1003DA2E2 /* GCDWebServers.framework in Frameworks */,
			);
			runOnlyForDeploymentPostprocessing = 0;
		};
/* End PBXFrameworksBuildPhase section */

/* Begin PBXGroup section */
		B690999A22F9575200EDC7ED = {
			isa = PBXGroup;
			children = (
				B69099A522F9575200EDC7ED /* WebServerTestApp */,
				B69099A422F9575200EDC7ED /* Products */,
				B6A81C752306ABB1003DA2E2 /* Frameworks */,
			);
			sourceTree = "<group>";
		};
		B69099A422F9575200EDC7ED /* Products */ = {
			isa = PBXGroup;
			children = (
				B69099A322F9575200EDC7ED /* WebServerTestApp.app */,
			);
			name = Products;
			sourceTree = "<group>";
		};
		B69099A522F9575200EDC7ED /* WebServerTestApp */ = {
			isa = PBXGroup;
			children = (
				B69099A622F9575200EDC7ED /* AppDelegate.h */,
				B69099A722F9575200EDC7ED /* AppDelegate.m */,
				B69099A922F9575200EDC7ED /* ViewController.h */,
				B69099AA22F9575200EDC7ED /* ViewController.m */,
				B69099AC22F9575200EDC7ED /* Main.storyboard */,
				B69099AF22F9575400EDC7ED /* Assets.xcassets */,
				B69099B122F9575400EDC7ED /* LaunchScreen.storyboard */,
				B69099B422F9575400EDC7ED /* Info.plist */,
				B69099B522F9575400EDC7ED /* main.m */,
			);
			path = WebServerTestApp;
			sourceTree = "<group>";
		};
		B6A81C752306ABB1003DA2E2 /* Frameworks */ = {
			isa = PBXGroup;
			children = (
				B6A81C762306ABB1003DA2E2 /* GCDWebServers.framework */,
			);
			name = Frameworks;
			sourceTree = "<group>";
		};
/* End PBXGroup section */

/* Begin PBXNativeTarget section */
		B69099A222F9575200EDC7ED /* WebServerTestApp */ = {
			isa = PBXNativeTarget;
			buildConfigurationList = B69099B922F9575400EDC7ED /* Build configuration list for PBXNativeTarget "WebServerTestApp" */;
			buildPhases = (
				B690999F22F9575200EDC7ED /* Sources */,
				B69099A022F9575200EDC7ED /* Frameworks */,
				B69099A122F9575200EDC7ED /* Resources */,
			);
			buildRules = (
			);
			dependencies = (
			);
			name = WebServerTestApp;
			productName = WebServerTestApp;
			productReference = B69099A322F9575200EDC7ED /* WebServerTestApp.app */;
			productType = "com.apple.product-type.application";
		};
/* End PBXNativeTarget section */

/* Begin PBXProject section */
		B690999B22F9575200EDC7ED /* Project object */ = {
			isa = PBXProject;
			attributes = {
				LastUpgradeCheck = 1030;
				ORGANIZATIONNAME = xuanliu;
				TargetAttributes = {
					B69099A222F9575200EDC7ED = {
						CreatedOnToolsVersion = 10.3;
					};
				};
			};
			buildConfigurationList = B690999E22F9575200EDC7ED /* Build configuration list for PBXProject "WebServerTestApp" */;
			compatibilityVersion = "Xcode 9.3";
			developmentRegion = en;
			hasScannedForEncodings = 0;
			knownRegions = (
				en,
				Base,
			);
			mainGroup = B690999A22F9575200EDC7ED;
			productRefGroup = B69099A422F9575200EDC7ED /* Products */;
			projectDirPath = "";
			projectRoot = "";
			targets = (
				B69099A222F9575200EDC7ED /* WebServerTestApp */,
			);
		};
/* End PBXProject section */

/* Begin PBXResourcesBuildPhase section */
		B69099A122F9575200EDC7ED /* Resources */ = {
			isa = PBXResourcesBuildPhase;
			buildActionMask = 2147483647;
			files = (
				B69099B322F9575400EDC7ED /* LaunchScreen.storyboard in Resources */,
				B69099B022F9575400EDC7ED /* Assets.xcassets in Resources */,
				B69099AE22F9575200EDC7ED /* Main.storyboard in Resources */,
			);
			runOnlyForDeploymentPostprocessing = 0;
		};
/* End PBXResourcesBuildPhase section */

/* Begin PBXSourcesBuildPhase section */
		B690999F22F9575200EDC7ED /* Sources */ = {
			isa = PBXSourcesBuildPhase;
			buildActionMask = 2147483647;
			files = (
				B69099AB22F9575200EDC7ED /* ViewController.m in Sources */,
				B69099B622F9575400EDC7ED /* main.m in Sources */,
				B69099A822F9575200EDC7ED /* AppDelegate.m in Sources */,
			);
			runOnlyForDeploymentPostprocessing = 0;
		};
/* End PBXSourcesBuildPhase section */

/* Begin PBXVariantGroup section */
		B69099AC22F9575200EDC7ED /* Main.storyboard */ = {
			isa = PBXVariantGroup;
			children = (
				B69099AD22F9575200EDC7ED /* Base */,
			);
			name = Main.storyboard;
			sourceTree = "<group>";
		};
		B69099B122F9575400EDC7ED /* LaunchScreen.storyboard */ = {
			isa = PBXVariantGroup;
			children = (
				B69099B222F9575400EDC7ED /* Base */,
			);
			name = LaunchScreen.storyboard;
			sourceTree = "<group>";
		};
/* End PBXVariantGroup section */

/* Begin XCBuildConfiguration section */
		B69099B722F9575400EDC7ED /* Debug */ = {
			isa = XCBuildConfiguration;
			buildSettings = {
				ALWAYS_SEARCH_USER_PATHS = NO;
				CLANG_ANALYZER_NONNULL = YES;
				CLANG_ANALYZER_NUMBER_OBJECT_CONVERSION = YES_AGGRESSIVE;
				CLANG_CXX_LANGUAGE_STANDARD = "gnu++14";
				CLANG_CXX_LIBRARY = "libc++";
				CLANG_ENABLE_MODULES = YES;
				CLANG_ENABLE_OBJC_ARC = YES;
				CLANG_ENABLE_OBJC_WEAK = YES;
				CLANG_WARN_BLOCK_CAPTURE_AUTORELEASING = YES;
				CLANG_WARN_BOOL_CONVERSION = YES;
				CLANG_WARN_COMMA = YES;
				CLANG_WARN_CONSTANT_CONVERSION = YES;
				CLANG_WARN_DEPRECATED_OBJC_IMPLEMENTATIONS = YES;
				CLANG_WARN_DIRECT_OBJC_ISA_USAGE = YES_ERROR;
				CLANG_WARN_DOCUMENTATION_COMMENTS = YES;
				CLANG_WARN_EMPTY_BODY = YES;
				CLANG_WARN_ENUM_CONVERSION = YES;
				CLANG_WARN_INFINITE_RECURSION = YES;
				CLANG_WARN_INT_CONVERSION = YES;
				CLANG_WARN_NON_LITERAL_NULL_CONVERSION = YES;
				CLANG_WARN_OBJC_IMPLICIT_RETAIN_SELF = YES;
				CLANG_WARN_OBJC_LITERAL_CONVERSION = YES;
				CLANG_WARN_OBJC_ROOT_CLASS = YES_ERROR;
				CLANG_WARN_RANGE_LOOP_ANALYSIS = YES;
				CLANG_WARN_STRICT_PROTOTYPES = YES;
				CLANG_WARN_SUSPICIOUS_MOVE = YES;
				CLANG_WARN_UNGUARDED_AVAILABILITY = YES_AGGRESSIVE;
				CLANG_WARN_UNREACHABLE_CODE = YES;
				CLANG_WARN__DUPLICATE_METHOD_MATCH = YES;
				CODE_SIGN_IDENTITY = "iPhone Developer";
				COPY_PHASE_STRIP = NO;
				DEBUG_INFORMATION_FORMAT = dwarf;
				ENABLE_STRICT_OBJC_MSGSEND = YES;
				ENABLE_TESTABILITY = YES;
				GCC_C_LANGUAGE_STANDARD = gnu11;
				GCC_DYNAMIC_NO_PIC = NO;
				GCC_NO_COMMON_BLOCKS = YES;
				GCC_OPTIMIZATION_LEVEL = 0;
				GCC_PREPROCESSOR_DEFINITIONS = (
					"DEBUG=1",
					"$(inherited)",
				);
				GCC_WARN_64_TO_32_BIT_CONVERSION = YES;
				GCC_WARN_ABOUT_RETURN_TYPE = YES_ERROR;
				GCC_WARN_UNDECLARED_SELECTOR = YES;
				GCC_WARN_UNINITIALIZED_AUTOS = YES_AGGRESSIVE;
				GCC_WARN_UNUSED_FUNCTION = YES;
				GCC_WARN_UNUSED_VARIABLE = YES;
				IPHONEOS_DEPLOYMENT_TARGET = 12.4;
				MTL_ENABLE_DEBUG_INFO = INCLUDE_SOURCE;
				MTL_FAST_MATH = YES;
				ONLY_ACTIVE_ARCH = YES;
				SDKROOT = iphoneos;
			};
			name = Debug;
		};
		B69099B822F9575400EDC7ED /* Release */ = {
			isa = XCBuildConfiguration;
			buildSettings = {
				ALWAYS_SEARCH_USER_PATHS = NO;
				CLANG_ANALYZER_NONNULL = YES;
				CLANG_ANALYZER_NUMBER_OBJECT_CONVERSION = YES_AGGRESSIVE;
				CLANG_CXX_LANGUAGE_STANDARD = "gnu++14";
				CLANG_CXX_LIBRARY = "libc++";
				CLANG_ENABLE_MODULES = YES;
				CLANG_ENABLE_OBJC_ARC = YES;
				CLANG_ENABLE_OBJC_WEAK = YES;
				CLANG_WARN_BLOCK_CAPTURE_AUTORELEASING = YES;
				CLANG_WARN_BOOL_CONVERSION = YES;
				CLANG_WARN_COMMA = YES;
				CLANG_WARN_CONSTANT_CONVERSION = YES;
				CLANG_WARN_DEPRECATED_OBJC_IMPLEMENTATIONS = YES;
				CLANG_WARN_DIRECT_OBJC_ISA_USAGE = YES_ERROR;
				CLANG_WARN_DOCUMENTATION_COMMENTS = YES;
				CLANG_WARN_EMPTY_BODY = YES;
				CLANG_WARN_ENUM_CONVERSION = YES;
				CLANG_WARN_INFINITE_RECURSION = YES;
				CLANG_WARN_INT_CONVERSION = YES;
				CLANG_WARN_NON_LITERAL_NULL_CONVERSION = YES;
				CLANG_WARN_OBJC_IMPLICIT_RETAIN_SELF = YES;
				CLANG_WARN_OBJC_LITERAL_CONVERSION = YES;
				CLANG_WARN_OBJC_ROOT_CLASS = YES_ERROR;
				CLANG_WARN_RANGE_LOOP_ANALYSIS = YES;
				CLANG_WARN_STRICT_PROTOTYPES = YES;
				CLANG_WARN_SUSPICIOUS_MOVE = YES;
				CLANG_WARN_UNGUARDED_AVAILABILITY = YES_AGGRESSIVE;
				CLANG_WARN_UNREACHABLE_CODE = YES;
				CLANG_WARN__DUPLICATE_METHOD_MATCH = YES;
				CODE_SIGN_IDENTITY = "iPhone Developer";
				COPY_PHASE_STRIP = NO;
				DEBUG_INFORMATION_FORMAT = "dwarf-with-dsym";
				ENABLE_NS_ASSERTIONS = NO;
				ENABLE_STRICT_OBJC_MSGSEND = YES;
				GCC_C_LANGUAGE_STANDARD = gnu11;
				GCC_NO_COMMON_BLOCKS = YES;
				GCC_WARN_64_TO_32_BIT_CONVERSION = YES;
				GCC_WARN_ABOUT_RETURN_TYPE = YES_ERROR;
				GCC_WARN_UNDECLARED_SELECTOR = YES;
				GCC_WARN_UNINITIALIZED_AUTOS = YES_AGGRESSIVE;
				GCC_WARN_UNUSED_FUNCTION = YES;
				GCC_WARN_UNUSED_VARIABLE = YES;
				IPHONEOS_DEPLOYMENT_TARGET = 12.4;
				MTL_ENABLE_DEBUG_INFO = NO;
				MTL_FAST_MATH = YES;
				SDKROOT = iphoneos;
				VALIDATE_PRODUCT = YES;
			};
			name = Release;
		};
		B69099BA22F9575400EDC7ED /* Debug */ = {
			isa = XCBuildConfiguration;
			buildSettings = {
				ASSETCATALOG_COMPILER_APPICON_NAME = AppIcon;
				CODE_SIGN_STYLE = Automatic;
				DEVELOPMENT_TEAM = HSX93Q5QCS;
				INFOPLIST_FILE = WebServerTestApp/Info.plist;
				LD_RUNPATH_SEARCH_PATHS = (
					"$(inherited)",
					"@executable_path/Frameworks",
				);
				PRODUCT_BUNDLE_IDENTIFIER = com.aa.WebServerTestApp;
				PRODUCT_NAME = "$(TARGET_NAME)";
				TARGETED_DEVICE_FAMILY = "1,2";
			};
			name = Debug;
		};
		B69099BB22F9575400EDC7ED /* Release */ = {
			isa = XCBuildConfiguration;
			buildSettings = {
				ASSETCATALOG_COMPILER_APPICON_NAME = AppIcon;
				CODE_SIGN_STYLE = Automatic;
				DEVELOPMENT_TEAM = HSX93Q5QCS;
				INFOPLIST_FILE = WebServerTestApp/Info.plist;
				LD_RUNPATH_SEARCH_PATHS = (
					"$(inherited)",
					"@executable_path/Frameworks",
				);
				PRODUCT_BUNDLE_IDENTIFIER = com.aa.WebServerTestApp;
				PRODUCT_NAME = "$(TARGET_NAME)";
				TARGETED_DEVICE_FAMILY = "1,2";
			};
			name = Release;
		};
/* End XCBuildConfiguration section */

/* Begin XCConfigurationList section */
		B690999E22F9575200EDC7ED /* Build configuration list for PBXProject "WebServerTestApp" */ = {
			isa = XCConfigurationList;
			buildConfigurations = (
				B69099B722F9575400EDC7ED /* Debug */,
				B69099B822F9575400EDC7ED /* Release */,
			);
			defaultConfigurationIsVisible = 0;
			defaultConfigurationName = Release;
		};
		B69099B922F9575400EDC7ED /* Build configuration list for PBXNativeTarget "WebServerTestApp" */ = {
			isa = XCConfigurationList;
			buildConfigurations = (
				B69099BA22F9575400EDC7ED /* Debug */,
				B69099BB22F9575400EDC7ED /* Release */,
			);
			defaultConfigurationIsVisible = 0;
			defaultConfigurationName = Release;
		};
/* End XCConfigurationList section */
	};
	rootObject = B690999B22F9575200EDC7ED /* Project object */;
}
